
Microsoft Visual Studio Solution File, Format Version 11.00
# Visual C# Express 2010
Project("{FAE04EC0-301F-11D3-BF4B-00C04F79EFBC}") = "AVIScan", "AVIScan\AVIScan.csproj", "{58724B8F-FA82-4E22-B9A9-805B466DC8ED}"
EndProject
Global
	GlobalSection(SolutionConfigurationPlatforms) = preSolution
		Debug|x86 = Debug|x86
		Release|x86 = Release|x86
	EndGlobalSection
	GlobalSection(ProjectConfigurationPlatforms) = postSolution
		{58724B8F-FA82-4E22-B9A9-805B466DC8ED}.Debug|x86.ActiveCfg = Debug|x86
		{58724B8F-FA82-4E22-B9A9-805B466DC8ED}.Debug|x86.Build.0 = Debug|x86
		{58724B8F-FA82-4E22-B9A9-805B466DC8ED}.Release|x86.ActiveCfg = Release|x86
		{58724B8F-FA82-4E22-B9A9-805B466DC8ED}.Release|x86.Build.0 = Release|x86
	EndGlobalSection
	GlobalSection(SolutionProperties) = preSolution
		HideSolutionNode = FALSE
	EndGlobalSection
EndGlobal
